
Microsoft Visual Studio Solution File, Format Version 12.00
# Visual Studio Version 17
VisualStudioVersion = 17.1.32127.271
MinimumVisualStudioVersion = 10.0.40219.1
Project("{FAE04EC0-301F-11D3-BF4B-00C04F79EFBC}") = "Shapes", "Shapes\Shapes.csproj", "{5721CF22-556D-45E7-8AEF-C857F9B9C8CD}"
EndProject
Project("{2150E333-8FDC-42A3-9474-1A3956D46DE8}") = "UnitTests", "UnitTests", "{4945F44E-24FC-4B77-9BC8-421022C0E3BE}"
EndProject
Project("{FAE04EC0-301F-11D3-BF4B-00C04F79EFBC}") = "UnitTests", "UnitTests\UnitTests.csproj", "{971C4157-02D8-446D-8744-EF0CACFBAD00}"
EndProject
Global
	GlobalSection(SolutionConfigurationPlatforms) = preSolution
		Debug|Any CPU = Debug|Any CPU
		Release|Any CPU = Release|Any CPU
	EndGlobalSection
	GlobalSection(ProjectConfigurationPlatforms) = postSolution
		{5721CF22-556D-45E7-8AEF-C857F9B9C8CD}.Debug|Any CPU.ActiveCfg = Debug|Any CPU
		{5721CF22-556D-45E7-8AEF-C857F9B9C8CD}.Debug|Any CPU.Build.0 = Debug|Any CPU
		{5721CF22-556D-45E7-8AEF-C857F9B9C8CD}.Release|Any CPU.ActiveCfg = Release|Any CPU
		{5721CF22-556D-45E7-8AEF-C857F9B9C8CD}.Release|Any CPU.Build.0 = Release|Any CPU
		{971C4157-02D8-446D-8744-EF0CACFBAD00}.Debug|Any CPU.ActiveCfg = Debug|Any CPU
		{971C4157-02D8-446D-8744-EF0CACFBAD00}.Debug|Any CPU.Build.0 = Debug|Any CPU
		{971C4157-02D8-446D-8744-EF0CACFBAD00}.Release|Any CPU.ActiveCfg = Release|Any CPU
		{971C4157-02D8-446D-8744-EF0CACFBAD00}.Release|Any CPU.Build.0 = Release|Any CPU
	EndGlobalSection
	GlobalSection(SolutionProperties) = preSolution
		HideSolutionNode = FALSE
	EndGlobalSection
	GlobalSection(NestedProjects) = preSolution
		{971C4157-02D8-446D-8744-EF0CACFBAD00} = {4945F44E-24FC-4B77-9BC8-421022C0E3BE}
	EndGlobalSection
	GlobalSection(ExtensibilityGlobals) = postSolution
		SolutionGuid = {E90105C5-A024-4DFF-84A9-689FB28FF54F}
	EndGlobalSection
EndGlobal
